# This file is automatically @generated by Cargo.
# It is not intended for manual editing.
version = 4

[[package]]
name = "ply-fixture-archtier-a"
version = "0.0.0"
dependencies = [
 "ply-fixture-archtier-c",
]

[[package]]
name = "ply-fixture-archtier-b"
version = "0.0.0"
dependencies = [
 "ply-fixture-archtier-a",
]

[[package]]
name = "ply-fixture-archtier-c"
version = "0.0.0"
