{
  "format": 2,
  "written_by": "641e9945e05c25f69a63500ab1a4d8ec2197e6c3d85b9198ab5d7046f8494831",
  "results": {
    "yamlonlycontract::seven": {
      "fingerprint": "fb69d4e8e054dc151b6a749de2a4cb1284426b22f859a7c791a9e64a2c60993c",
      "verdict": "tested",
      "statuses": [],
      "evidence": {
        "engine": "proptest",
        "seed": "1ce1b8c92cae9dd2331fd53e658af74a9e760372bddcb70edd10fb6f45ebb82c",
        "cases": 1
      },
      "diagnostics": [
        {
          "code": "W0519",
          "severity": "info",
          "phase": "verify",
          "engine": "proptest",
          "check": "fuzz(64)",
          "node_id": "yamlonlycontract::seven",
          "title": "`seven` takes no input, so there was only one possible call to make -- not several different ones. Ply made that one call and it held. This is reported as `tested`, not as a fuzzed case count: `seven` has no input space for a bigger number to sample more of, so a bigger number here would not have looked at anything new. (W0519, §5.4c)",
          "open_item": null
        }
      ],
      "inputs": {
        "its contract": "902eed2afd2c1634",
        "the build of Ply that checked it": "5e8abb08b942e404",
        "the callees it stands on": "4df68c1409b969ed",
        "the checks that ran": "4e02e61e97ba2e17",
        "the code it runs": "f5068da78a983ff0",
        "the compiler and the build target": "bf70dd442259ad28",
        "the crate's features": "888ca37d720284f4",
        "the engines behind them": "651a23e37e8789a4",
        "the function's own source": "b19fa3511cec9b05",
        "the promises it assumes": "d972c487c26e7547",
        "the versions of everything outside this workspace": "0fabd3141f2a2b8e",
        "the worked examples it asserts": "7d5529f841102c10",
        "which claim this is": "80f2f01ca459b314"
      }
    }
  }
}
