{
  "format": 2,
  "written_by": "c15c869e98332535f1208f2e7beb74725850e7e5e8366d7febbc1518285569e7",
  "results": {
    "ordinaryspellings::alpha_inline_mod": {
      "fingerprint": "82172127b1ada5d429cf7c6b83113f4a3aeef081fc560c07e50992b8440596b8",
      "verdict": "fuzzed(64)",
      "statuses": [],
      "evidence": {
        "engine": "proptest",
        "seed": "19d363eb9014a281640cae698c1c5dddf3181349320926c986b45dd3cab05449",
        "cases": 64
      },
      "inputs": {
        "its contract": "181d708ecc568d59",
        "the build of Ply that checked it": "8f66b622f770e443",
        "the callees it stands on": "4df68c1409b969ed",
        "the checks that ran": "0705c1af3a615ed2",
        "the code it runs": "ad6a19c52cec1d36",
        "the compiler and the build target": "bf70dd442259ad28",
        "the crate's features": "888ca37d720284f4",
        "the engines behind them": "651a23e37e8789a4",
        "the function's own source": "7fa0281acf33ce97",
        "the promises it assumes": "d972c487c26e7547",
        "the versions of everything outside this workspace": "0fabd3141f2a2b8e",
        "the worked examples it asserts": "7d5529f841102c10",
        "which claim this is": "57a96307c193072c"
      }
    },
    "ordinaryspellings::beta_qualified": {
      "fingerprint": "b2add4db4d2382e3bf42a5795e3073d18c8b683cc35fc9ef05bff044ad6ae765",
      "verdict": "fuzzed(64)",
      "statuses": [],
      "evidence": {
        "engine": "proptest",
        "seed": "89725975b001f3abe423bf3cec5658725b2dda4a5cf9a9e0ee1831a018d8b8c4",
        "cases": 64
      },
      "inputs": {
        "its contract": "181d708ecc568d59",
        "the build of Ply that checked it": "8f66b622f770e443",
        "the callees it stands on": "4df68c1409b969ed",
        "the checks that ran": "6d20c35c5507b718",
        "the code it runs": "ad6a19c52cec1d36",
        "the compiler and the build target": "bf70dd442259ad28",
        "the crate's features": "888ca37d720284f4",
        "the engines behind them": "651a23e37e8789a4",
        "the function's own source": "5b59009ccf8520fb",
        "the promises it assumes": "d972c487c26e7547",
        "the versions of everything outside this workspace": "0fabd3141f2a2b8e",
        "the worked examples it asserts": "7d5529f841102c10",
        "which claim this is": "035966f4e62f20da"
      }
    },
    "ordinaryspellings::gauge_reading": {
      "fingerprint": "337eac5d769f14f9a652b575f38ae99bd9c86a450317b3009888552d445870e4",
      "verdict": "fuzzed(64)",
      "statuses": [],
      "evidence": {
        "engine": "proptest",
        "seed": "8cdd92fc40793487f7502b45eed9cb3b0e7c64e55494f64bd9f8adbea29699ff",
        "cases": 64
      },
      "inputs": {
        "its contract": "181d708ecc568d59",
        "the build of Ply that checked it": "8f66b622f770e443",
        "the callees it stands on": "4df68c1409b969ed",
        "the checks that ran": "f1bb59a87a87c902",
        "the code it runs": "ad6a19c52cec1d36",
        "the compiler and the build target": "bf70dd442259ad28",
        "the crate's features": "888ca37d720284f4",
        "the engines behind them": "651a23e37e8789a4",
        "the function's own source": "d7d8e2129bc0d3c6",
        "the promises it assumes": "d972c487c26e7547",
        "the versions of everything outside this workspace": "0fabd3141f2a2b8e",
        "the worked examples it asserts": "7d5529f841102c10",
        "which claim this is": "bfe0b6785f106e5c"
      }
    }
  }
}
