{
  "format": 2,
  "written_by": "eaaa870cdab17ee42c9d41b0a4ee204fe6e75b0135b3e7fa979194e9e28af95c",
  "results": {
    "ordinaryspellings::alpha_inline_mod": {
      "fingerprint": "e3dd6659594394c7688024a937070fd81558e58ff0f86bd66f908eb2a322b3f9",
      "verdict": "fuzzed(64)",
      "statuses": [],
      "evidence": {
        "engine": "proptest",
        "seed": "19d363eb9014a281640cae698c1c5dddf3181349320926c986b45dd3cab05449",
        "cases": 64
      },
      "inputs": {
        "its contract": "181d708ecc568d59",
        "the build of Ply that checked it": "e387ba8c9c0238f2",
        "the callees it stands on": "4df68c1409b969ed",
        "the checks that ran": "0705c1af3a615ed2",
        "the code it runs": "b71d11a51ab2ef6f",
        "the compiler and the build target": "bf70dd442259ad28",
        "the crate's features": "888ca37d720284f4",
        "the engines behind them": "651a23e37e8789a4",
        "the function's own source": "7fa0281acf33ce97",
        "the promises it assumes": "d972c487c26e7547",
        "the versions of everything outside this workspace": "0fabd3141f2a2b8e",
        "the worked examples it asserts": "7d5529f841102c10",
        "which claim this is": "57a96307c193072c"
      }
    },
    "ordinaryspellings::beta_qualified": {
      "fingerprint": "f3423b3c15430b5c5826b7846201cffade8770c8332b128da2cfaeab3d7aaec3",
      "verdict": "fuzzed(64)",
      "statuses": [],
      "evidence": {
        "engine": "proptest",
        "seed": "89725975b001f3abe423bf3cec5658725b2dda4a5cf9a9e0ee1831a018d8b8c4",
        "cases": 64
      },
      "inputs": {
        "its contract": "181d708ecc568d59",
        "the build of Ply that checked it": "e387ba8c9c0238f2",
        "the callees it stands on": "4df68c1409b969ed",
        "the checks that ran": "6d20c35c5507b718",
        "the code it runs": "b71d11a51ab2ef6f",
        "the compiler and the build target": "bf70dd442259ad28",
        "the crate's features": "888ca37d720284f4",
        "the engines behind them": "651a23e37e8789a4",
        "the function's own source": "5b59009ccf8520fb",
        "the promises it assumes": "d972c487c26e7547",
        "the versions of everything outside this workspace": "0fabd3141f2a2b8e",
        "the worked examples it asserts": "7d5529f841102c10",
        "which claim this is": "035966f4e62f20da"
      }
    }
  }
}
